lockfile_version: '1'
generated_at: '2026-09-08T15:28:05.297833+00:00'
apm_version: 0.29.0
dependencies:
- repo_url: anthropics/skills
  name: skill-creator
  host: github.com
  resolved_commit: 41bbe19d1a1a7eaab5e7bb9050a417e5c6cffc8f
  version: unknown
  virtual_path: skills/skill-creator
  is_virtual: true
  package_type: claude_skill
  deployed_files:
  - .claude/skills/skill-creator
  - .claude/skills/skill-creator/LICENSE.txt
  - .claude/skills/skill-creator/SKILL.md
  - .claude/skills/skill-creator/agents/analyzer.md
  - .claude/skills/skill-creator/agents/comparator.md
  - .claude/skills/skill-creator/agents/grader.md
  - .claude/skills/skill-creator/assets/eval_review.html
  - .claude/skills/skill-creator/eval-viewer/generate_review.py
  - .claude/skills/skill-creator/eval-viewer/viewer.html
  - .claude/skills/skill-creator/references/schemas.md
  - .claude/skills/skill-creator/scripts/__init__.py
  - .claude/skills/skill-creator/scripts/aggregate_benchmark.py
  - .claude/skills/skill-creator/scripts/generate_report.py
  - .claude/skills/skill-creator/scripts/improve_description.py
  - .claude/skills/skill-creator/scripts/package_skill.py
  - .claude/skills/skill-creator/scripts/quick_validate.py
  - .claude/skills/skill-creator/scripts/run_eval.py
  - .claude/skills/skill-creator/scripts/run_loop.py
  - .claude/skills/skill-creator/scripts/utils.py
  deployed_file_hashes:
    .claude/skills/skill-creator/LICENSE.txt: sha256:bc6b3af2f331cbc7fb0da1344efb2cbe5877a31498b4d70dbc7000f3405a1362
    .claude/skills/skill-creator/SKILL.md: sha256:dcd4803e61e913e6fc27294184cd3a71f09f5e924ff20c8a9a20173e7b3c2bcf
    .claude/skills/skill-creator/agents/analyzer.md: sha256:bf68f4cac5a56c673a928c2e6d619586c5b93ea364026ab37547772cb45a663a
    .claude/skills/skill-creator/agents/comparator.md: sha256:fe1fc9787c495d864c5d6eada47396478572325fde1b33a96d78bf4b849b7a3e
    .claude/skills/skill-creator/agents/grader.md: sha256:57134da0c1a4eea33fbd74a1c9c44aa814f07d6bc64de303edb586f941e5d21a
    .claude/skills/skill-creator/assets/eval_review.html: sha256:ce477dcc74dc1c0d1d3352646a79167b5a63634e936b1019160025065974e452
    .claude/skills/skill-creator/eval-viewer/generate_review.py: sha256:fc9d1b9243fe5ab6012ebd579bd76d0035de1b79fd3b969de114defab26478fb
    .claude/skills/skill-creator/eval-viewer/viewer.html: sha256:a53213426ee1100441d701a3a0d49cda7a842f992d2c36463f4d3cc0258575fa
    .claude/skills/skill-creator/references/schemas.md: sha256:8e8876180a8989b406a4d3edddf875b04cdfd5805cc8616686d552b11ce4455f
    .claude/skills/skill-creator/scripts/__init__.py: sha256:e3b0c44298fc1c149afbf4c8996fb92427ae41e4649b934ca495991b7852b855
    .claude/skills/skill-creator/scripts/aggregate_benchmark.py: sha256:123ef128ea5ccc01a4b1ac212ef5567f21e9c13d3d240609780beeb3200c49aa
    .claude/skills/skill-creator/scripts/generate_report.py: sha256:13df7118a3c50c83c4c3250a606d5f2b20b25a3d44cbc392b3d669ec75281453
    .claude/skills/skill-creator/scripts/improve_description.py: sha256:87d864570220b699fac52da309d2d6efdb060647bfebc74f768128e646accf80
    .claude/skills/skill-creator/scripts/package_skill.py: sha256:1a33059b0db1ef73375d46d513e5ea81369d2e8838c970597b0d52ddef8d1c0f
    .claude/skills/skill-creator/scripts/quick_validate.py: sha256:67cf5703402013936c8fb75ad6a1afecd8841d45cc5e606b634eb05825fde365
    .claude/skills/skill-creator/scripts/run_eval.py: sha256:43e3b8f80dbf69c343967ba77e268fae991d9fa3ed68b32a0ff02532cd48657f
    .claude/skills/skill-creator/scripts/run_loop.py: sha256:7bd6f674203168520517eec94c55f493c0d154339b061b4d7c0f0dad187d0f21
    .claude/skills/skill-creator/scripts/utils.py: sha256:3af8ae62c40c73ab712207436a0d9a981e845f25c5a7040229eb189cc8e45bb1
  content_hash: sha256:b2bfe91d69ca99994c0566baede889e7d2b9bb8791c6b6106c5d387392f717f6
- repo_url: slidevjs/slidev
  name: slidev
  host: github.com
  resolved_commit: a8d8ff717c5a72c1b3a9d98f1c849481f2ddcd00
  version: unknown
  virtual_path: skills/slidev
  is_virtual: true
  package_type: claude_skill
  deployed_files:
  - .claude/skills/slidev
  - .claude/skills/slidev/README.md
  - .claude/skills/slidev/SKILL.md
  - .claude/skills/slidev/references/animation-click-marker.md
  - .claude/skills/slidev/references/animation-drawing.md
  - .claude/skills/slidev/references/animation-rough-marker.md
  - .claude/skills/slidev/references/api-slide-hooks.md
  - .claude/skills/slidev/references/build-og-image.md
  - .claude/skills/slidev/references/build-pdf.md
  - .claude/skills/slidev/references/build-remote-assets.md
  - .claude/skills/slidev/references/build-seo-meta.md
  - .claude/skills/slidev/references/code-groups.md
  - .claude/skills/slidev/references/code-import-snippet.md
  - .claude/skills/slidev/references/code-line-highlighting.md
  - .claude/skills/slidev/references/code-line-numbers.md
  - .claude/skills/slidev/references/code-magic-move.md
  - .claude/skills/slidev/references/code-max-height.md
  - .claude/skills/slidev/references/code-twoslash.md
  - .claude/skills/slidev/references/core-animations.md
  - .claude/skills/slidev/references/core-cli.md
  - .claude/skills/slidev/references/core-components.md
  - .claude/skills/slidev/references/core-exporting.md
  - .claude/skills/slidev/references/core-frontmatter.md
  - .claude/skills/slidev/references/core-global-context.md
  - .claude/skills/slidev/references/core-headmatter.md
  - .claude/skills/slidev/references/core-hosting.md
  - .claude/skills/slidev/references/core-layouts.md
  - .claude/skills/slidev/references/core-syntax.md
  - .claude/skills/slidev/references/diagram-latex.md
  - .claude/skills/slidev/references/diagram-mermaid.md
  - .claude/skills/slidev/references/diagram-plantuml.md
  - .claude/skills/slidev/references/editor-monaco-run.md
  - .claude/skills/slidev/references/editor-monaco-write.md
  - .claude/skills/slidev/references/editor-monaco.md
  - .claude/skills/slidev/references/editor-prettier.md
  - .claude/skills/slidev/references/editor-side.md
  - .claude/skills/slidev/references/editor-vscode.md
  - .claude/skills/slidev/references/layout-canvas-size.md
  - .claude/skills/slidev/references/layout-draggable.md
  - .claude/skills/slidev/references/layout-global-layers.md
  - .claude/skills/slidev/references/layout-slots.md
  - .claude/skills/slidev/references/layout-transform.md
  - .claude/skills/slidev/references/layout-zoom.md
  - .claude/skills/slidev/references/presenter-notes-ruby.md
  - .claude/skills/slidev/references/presenter-recording.md
  - .claude/skills/slidev/references/presenter-remote.md
  - .claude/skills/slidev/references/presenter-timer.md
  - .claude/skills/slidev/references/style-direction.md
  - .claude/skills/slidev/references/style-icons.md
  - .claude/skills/slidev/references/style-scoped.md
  - .claude/skills/slidev/references/syntax-block-frontmatter.md
  - .claude/skills/slidev/references/syntax-comark.md
  - .claude/skills/slidev/references/syntax-frontmatter-merging.md
  - .claude/skills/slidev/references/syntax-importing-slides.md
  - .claude/skills/slidev/references/tool-eject-theme.md
  - .claude/skills/slidev/references/tool-mcp.md
  deployed_file_hashes:
    .claude/skills/slidev/README.md: sha256:0348a9c6c8244db73ecb8971a8a73b25bb917168ffd3524bc409b505fc293849
    .claude/skills/slidev/SKILL.md: sha256:3b1b7fd100b3bbc93fbadfeac13092cbf81410a81d16b3ffd5d1716f4a2a3c82
    .claude/skills/slidev/references/animation-click-marker.md: sha256:ca20897bad85b12e976bbb4161597b0dcc4c5a9cf604d69d13cc0bdc922696eb
    .claude/skills/slidev/references/animation-drawing.md: sha256:5fd91b06a9fa0c7a47e20c6eb7fdc4d7bd31de88c4ad792132cf721ab884642e
    .claude/skills/slidev/references/animation-rough-marker.md: sha256:ef8c8d007d0763288679a18892fcf7a013025adbbd78ea6d70b5b706f6af5ec0
    .claude/skills/slidev/references/api-slide-hooks.md: sha256:1477fce45bb0c36a75976fe6d4e329da1b0c8b707c9c5cab15456a99d149f67c
    .claude/skills/slidev/references/build-og-image.md: sha256:b47dd5bd8dc2123eb1cd1e4e1d35fa2b1ce63f206765751d9f8b6be9a386d9ba
    .claude/skills/slidev/references/build-pdf.md: sha256:023e028653116dcbdc1d51c21b51d5a7139e3b4fbfea108bc8d9118e430157a5
    .claude/skills/slidev/references/build-remote-assets.md: sha256:a0fa11b7ffde2c5264c1b2c2143a375fc103beee3a4dc97f140c71a319c95efd
    .claude/skills/slidev/references/build-seo-meta.md: sha256:5188fb1378c640fe87714cbb72fb0de8ac9c82ef05c78f369cb87819feac3519
    .claude/skills/slidev/references/code-groups.md: sha256:c46d38d1e3606961068d264492474e61cbb636deb9c4f064802c81011ebc2328
    .claude/skills/slidev/references/code-import-snippet.md: sha256:3f794e2387c70415f436ce70b248a6101122fa2b6e2dd983b3557a97f5e58510
    .claude/skills/slidev/references/code-line-highlighting.md: sha256:4571a5faf1111fd4bf0a30d331cfa5623d4052cc084ee83831e02abb6873968f
    .claude/skills/slidev/references/code-line-numbers.md: sha256:f69d767362dc135062899bb15037aba8f2be78e428daff55c4863732b1584858
    .claude/skills/slidev/references/code-magic-move.md: sha256:78121e4b2006bb3dae3b09c32fc547c42eca452935a6e4dcecad6add570f088d
    .claude/skills/slidev/references/code-max-height.md: sha256:6f7ec03bf10559f37c9d144d0339de0a850590a6f40e3bfc1471561ba1f0505b
    .claude/skills/slidev/references/code-twoslash.md: sha256:12d80b5fbdd8fcf1a60e8a97d2cbb6861745d9839aa6d5c826d28550a771b3b7
    .claude/skills/slidev/references/core-animations.md: sha256:a3f8d12f06af0164025dcdbe450c198689f3a8a69eb1dc62fca0850ebcb2685d
    .claude/skills/slidev/references/core-cli.md: sha256:99895522b6fd3cf563e9a9a12575edfee7f503a4d3d6535fd9abe78cf1fdadfa
    .claude/skills/slidev/references/core-components.md: sha256:43529b1f7467ff9cdea0bdf71241eae3cd7bcf62bfc9391aabce38545bca634d
    .claude/skills/slidev/references/core-exporting.md: sha256:6c22209942852d60f18d8be7fc429446ec513dfd12a45cbc0335e8419d61987d
    .claude/skills/slidev/references/core-frontmatter.md: sha256:044861667fee30b63358429d555770552913cc5f3e59569ec0c82d6347716513
    .claude/skills/slidev/references/core-global-context.md: sha256:1bd3884b31819b9cb4b7957000d06dcbf56678b742aa1aa6bbc7145b4f8ff98d
    .claude/skills/slidev/references/core-headmatter.md: sha256:1421e7bf36551e2c220a57c74eeec7755210916a6dc68c57de128a225fb2eb99
    .claude/skills/slidev/references/core-hosting.md: sha256:69e8d015df1359924de9c1b157c1037a275d263a561a5af27d04d9a8aa31bb5e
    .claude/skills/slidev/references/core-layouts.md: sha256:95fd7274b4d0055263938092db2115632a34636451bb651961d94c12f6bbb833
    .claude/skills/slidev/references/core-syntax.md: sha256:cd4ef071b1ad40f3fb8ab5ed7c5f4743628456dd8e0bcfc25f246be64992726b
    .claude/skills/slidev/references/diagram-latex.md: sha256:6fb51a8a3d5a1ab151e3d84950df0d38c609a30a53d82b1eb10dd0630369c093
    .claude/skills/slidev/references/diagram-mermaid.md: sha256:2edfba65f4f46df2af20f504616b84e18d59fed47cc0c3008ceb7577a0d2e580
    .claude/skills/slidev/references/diagram-plantuml.md: sha256:c006d564a031d1a76c6dc8d560c8bbafd14799512bf08d629f5e291f4413fc8b
    .claude/skills/slidev/references/editor-monaco-run.md: sha256:f47be9b308f01006a95839eb6c54f94536e108af4f91909fa5d81e8856798221
    .claude/skills/slidev/references/editor-monaco-write.md: sha256:fb17f1f5c8f40e53f12afc47a0dcf5e4530189ba3c8d9b1749e627d4c5589ab9
    .claude/skills/slidev/references/editor-monaco.md: sha256:d54e5abbade63c837c9ab9c9515ceb5a0ceca157d2af3adbfbb84c68671833dc
    .claude/skills/slidev/references/editor-prettier.md: sha256:126d048841dad13be1e1be7b2cff8c845bc0a78457c0f675b494b2815c0d94ca
    .claude/skills/slidev/references/editor-side.md: sha256:0a5993ab5db99ae90ec83fa11e7bb53b4ed5baf4aa0d3dacc5a389e51f7547cf
    .claude/skills/slidev/references/editor-vscode.md: sha256:54faab932076ee772032c9b89e8ecf3c1ae562e4b575ab565e7431a2f241427a
    .claude/skills/slidev/references/layout-canvas-size.md: sha256:2d17e65933c63a8b7e8a9bd9c5b73478d19332f4da25b26195aaeb5a1bd1953b
    .claude/skills/slidev/references/layout-draggable.md: sha256:cedf74ff840326b336f5846c7ec3603009fac2f8c126ee4a972a0b7d67b3019c
    .claude/skills/slidev/references/layout-global-layers.md: sha256:1614c681cee8f50a362fe31c69f3fe6012b772e4b759771132f68a7325fa3580
    .claude/skills/slidev/references/layout-slots.md: sha256:b77222cc46ae53abe750aacb916822033ac220b41bbde5954824b534906e8d8e
    .claude/skills/slidev/references/layout-transform.md: sha256:3d6a90df9a48c657e3709ecc01610f222e04dfb9fa5d530444653345e29e733a
    .claude/skills/slidev/references/layout-zoom.md: sha256:c0ab0c3242e0a99f6bbc7eea163f551054ca4ca9d900174ea7f4073218ce89c0
    .claude/skills/slidev/references/presenter-notes-ruby.md: sha256:aeadf860f7f23c1a7fd199180ac519c2f8b9f9e8c0609578c909b52c0c9e99e0
    .claude/skills/slidev/references/presenter-recording.md: sha256:f2adf9c92892d468fd7297246462b669a444a4c000131bbcfbd178004d941a5c
    .claude/skills/slidev/references/presenter-remote.md: sha256:90683d6eedf25395c312cb7b8f893f456ba2c5e221ee6ed91e7a192944a78ecb
    .claude/skills/slidev/references/presenter-timer.md: sha256:7d0306a69c5f55cf223d47acbafb6ed3739ca68f21928d61fd6ca255df7e5a87
    .claude/skills/slidev/references/style-direction.md: sha256:aaa1a10000ef92f05b3d63c1e0126cd41aead53d72432261f541d72c9d57a381
    .claude/skills/slidev/references/style-icons.md: sha256:881daa50e5c1bec53cbaaa93029a4b0ed12f9f6ea36b9ab645799ac3b4c1521b
    .claude/skills/slidev/references/style-scoped.md: sha256:f2caa6d5a3482f1d9364b41e70217f2150950be51375c0472e2ea912cdae895f
    .claude/skills/slidev/references/syntax-block-frontmatter.md: sha256:fafee6da3b24fe8dcc60b0c1b6e212859d2e047322dc5479ec2fef70ef35d2ce
    .claude/skills/slidev/references/syntax-comark.md: sha256:89316f0e900d2c8262cab221549ffaf434b09eb092de5c8feb5881de774e6cc5
    .claude/skills/slidev/references/syntax-frontmatter-merging.md: sha256:f92f3de298e7b6cdff5e085a4f1f9d2a154878e340063504bfd26a6c94fed336
    .claude/skills/slidev/references/syntax-importing-slides.md: sha256:5121a7fa19dd0496c4f5f42be0204ada7fb17484665727a1d259e31451c5ef42
    .claude/skills/slidev/references/tool-eject-theme.md: sha256:c25fb0debc1af89bfe7aad1be3f09c67a9f97eafb051cb852063eaf1c9b995b0
    .claude/skills/slidev/references/tool-mcp.md: sha256:00aabc8ba38e0376ee5aad8b511e723b9e67fc567cb4899c00e441650ad44ab8
  content_hash: sha256:c151d2dee2b4caab569071c58893926728fbba7c71e3f9050ac4553fcd8a345e
deployments:
- kind: project-relative
  target: claude
  value: .claude/skills/gepardec-slidev-theme-dev
  runtime: null
  scope: project
  owners:
  - .
  active_owner: .
  content_hash: null
- kind: project-relative
  target: claude
  value: .claude/skills/gepardec-slidev-theme-dev/SKILL.md
  runtime: null
  scope: project
  owners:
  - .
  active_owner: .
  content_hash: sha256:9ad1be54c910c87a9376c5f239d4ce1a7548bc2c40ec838a4a2d69542749a8cf
- kind: project-relative
  target: claude
  value: .claude/skills/gepardec-slidev-theme-dev/references/surfaces.md
  runtime: null
  scope: project
  owners:
  - .
  active_owner: .
  content_hash: sha256:abed7d095cda37fc294838e5be2f95b44818e265636bfee3ce288470c437e746
- kind: project-relative
  target: claude
  value: .claude/skills/gepardec-slidev-theme-dev/references/verifying.md
  runtime: null
  scope: project
  owners:
  - .
  active_owner: .
  content_hash: sha256:e9a7b8b6856bf33fbf672e6803ab992854aebbcc4b1a64d5e450ee0410632078
- kind: project-relative
  target: claude
  value: .claude/skills/skill-creator
  runtime: null
  scope: project
  owners:
  - anthropics/skills/skills/skill-creator
  active_owner: anthropics/skills/skills/skill-creator
  content_hash: null
- kind: project-relative
  target: claude
  value: .claude/skills/skill-creator/LICENSE.txt
  runtime: null
  scope: project
  owners:
  - anthropics/skills/skills/skill-creator
  active_owner: anthropics/skills/skills/skill-creator
  content_hash: sha256:bc6b3af2f331cbc7fb0da1344efb2cbe5877a31498b4d70dbc7000f3405a1362
- kind: project-relative
  target: claude
  value: .claude/skills/skill-creator/SKILL.md
  runtime: null
  scope: project
  owners:
  - anthropics/skills/skills/skill-creator
  active_owner: anthropics/skills/skills/skill-creator
  content_hash: sha256:dcd4803e61e913e6fc27294184cd3a71f09f5e924ff20c8a9a20173e7b3c2bcf
- kind: project-relative
  target: claude
  value: .claude/skills/skill-creator/agents/analyzer.md
  runtime: null
  scope: project
  owners:
  - anthropics/skills/skills/skill-creator
  active_owner: anthropics/skills/skills/skill-creator
  content_hash: sha256:bf68f4cac5a56c673a928c2e6d619586c5b93ea364026ab37547772cb45a663a
- kind: project-relative
  target: claude
  value: .claude/skills/skill-creator/agents/comparator.md
  runtime: null
  scope: project
  owners:
  - anthropics/skills/skills/skill-creator
  active_owner: anthropics/skills/skills/skill-creator
  content_hash: sha256:fe1fc9787c495d864c5d6eada47396478572325fde1b33a96d78bf4b849b7a3e
- kind: project-relative
  target: claude
  value: .claude/skills/skill-creator/agents/grader.md
  runtime: null
  scope: project
  owners:
  - anthropics/skills/skills/skill-creator
  active_owner: anthropics/skills/skills/skill-creator
  content_hash: sha256:57134da0c1a4eea33fbd74a1c9c44aa814f07d6bc64de303edb586f941e5d21a
- kind: project-relative
  target: claude
  value: .claude/skills/skill-creator/assets/eval_review.html
  runtime: null
  scope: project
  owners:
  - anthropics/skills/skills/skill-creator
  active_owner: anthropics/skills/skills/skill-creator
  content_hash: sha256:ce477dcc74dc1c0d1d3352646a79167b5a63634e936b1019160025065974e452
- kind: project-relative
  target: claude
  value: .claude/skills/skill-creator/eval-viewer/generate_review.py
  runtime: null
  scope: project
  owners:
  - anthropics/skills/skills/skill-creator
  active_owner: anthropics/skills/skills/skill-creator
  content_hash: sha256:fc9d1b9243fe5ab6012ebd579bd76d0035de1b79fd3b969de114defab26478fb
- kind: project-relative
  target: claude
  value: .claude/skills/skill-creator/eval-viewer/viewer.html
  runtime: null
  scope: project
  owners:
  - anthropics/skills/skills/skill-creator
  active_owner: anthropics/skills/skills/skill-creator
  content_hash: sha256:a53213426ee1100441d701a3a0d49cda7a842f992d2c36463f4d3cc0258575fa
- kind: project-relative
  target: claude
  value: .claude/skills/skill-creator/references/schemas.md
  runtime: null
  scope: project
  owners:
  - anthropics/skills/skills/skill-creator
  active_owner: anthropics/skills/skills/skill-creator
  content_hash: sha256:8e8876180a8989b406a4d3edddf875b04cdfd5805cc8616686d552b11ce4455f
- kind: project-relative
  target: claude
  value: .claude/skills/skill-creator/scripts/__init__.py
  runtime: null
  scope: project
  owners:
  - anthropics/skills/skills/skill-creator
  active_owner: anthropics/skills/skills/skill-creator
  content_hash: sha256:e3b0c44298fc1c149afbf4c8996fb92427ae41e4649b934ca495991b7852b855
- kind: project-relative
  target: claude
  value: .claude/skills/skill-creator/scripts/aggregate_benchmark.py
  runtime: null
  scope: project
  owners:
  - anthropics/skills/skills/skill-creator
  active_owner: anthropics/skills/skills/skill-creator
  content_hash: sha256:123ef128ea5ccc01a4b1ac212ef5567f21e9c13d3d240609780beeb3200c49aa
- kind: project-relative
  target: claude
  value: .claude/skills/skill-creator/scripts/generate_report.py
  runtime: null
  scope: project
  owners:
  - anthropics/skills/skills/skill-creator
  active_owner: anthropics/skills/skills/skill-creator
  content_hash: sha256:13df7118a3c50c83c4c3250a606d5f2b20b25a3d44cbc392b3d669ec75281453
- kind: project-relative
  target: claude
  value: .claude/skills/skill-creator/scripts/improve_description.py
  runtime: null
  scope: project
  owners:
  - anthropics/skills/skills/skill-creator
  active_owner: anthropics/skills/skills/skill-creator
  content_hash: sha256:87d864570220b699fac52da309d2d6efdb060647bfebc74f768128e646accf80
- kind: project-relative
  target: claude
  value: .claude/skills/skill-creator/scripts/package_skill.py
  runtime: null
  scope: project
  owners:
  - anthropics/skills/skills/skill-creator
  active_owner: anthropics/skills/skills/skill-creator
  content_hash: sha256:1a33059b0db1ef73375d46d513e5ea81369d2e8838c970597b0d52ddef8d1c0f
- kind: project-relative
  target: claude
  value: .claude/skills/skill-creator/scripts/quick_validate.py
  runtime: null
  scope: project
  owners:
  - anthropics/skills/skills/skill-creator
  active_owner: anthropics/skills/skills/skill-creator
  content_hash: sha256:67cf5703402013936c8fb75ad6a1afecd8841d45cc5e606b634eb05825fde365
- kind: project-relative
  target: claude
  value: .claude/skills/skill-creator/scripts/run_eval.py
  runtime: null
  scope: project
  owners:
  - anthropics/skills/skills/skill-creator
  active_owner: anthropics/skills/skills/skill-creator
  content_hash: sha256:43e3b8f80dbf69c343967ba77e268fae991d9fa3ed68b32a0ff02532cd48657f
- kind: project-relative
  target: claude
  value: .claude/skills/skill-creator/scripts/run_loop.py
  runtime: null
  scope: project
  owners:
  - anthropics/skills/skills/skill-creator
  active_owner: anthropics/skills/skills/skill-creator
  content_hash: sha256:7bd6f674203168520517eec94c55f493c0d154339b061b4d7c0f0dad187d0f21
- kind: project-relative
  target: claude
  value: .claude/skills/skill-creator/scripts/utils.py
  runtime: null
  scope: project
  owners:
  - anthropics/skills/skills/skill-creator
  active_owner: anthropics/skills/skills/skill-creator
  content_hash: sha256:3af8ae62c40c73ab712207436a0d9a981e845f25c5a7040229eb189cc8e45bb1
- kind: project-relative
  target: claude
  value: .claude/skills/slidev
  runtime: null
  scope: project
  owners:
  - slidevjs/slidev/skills/slidev
  active_owner: slidevjs/slidev/skills/slidev
  content_hash: null
- kind: project-relative
  target: claude
  value: .claude/skills/slidev/README.md
  runtime: null
  scope: project
  owners:
  - slidevjs/slidev/skills/slidev
  active_owner: slidevjs/slidev/skills/slidev
  content_hash: sha256:0348a9c6c8244db73ecb8971a8a73b25bb917168ffd3524bc409b505fc293849
- kind: project-relative
  target: claude
  value: .claude/skills/slidev/SKILL.md
  runtime: null
  scope: project
  owners:
  - slidevjs/slidev/skills/slidev
  active_owner: slidevjs/slidev/skills/slidev
  content_hash: sha256:3b1b7fd100b3bbc93fbadfeac13092cbf81410a81d16b3ffd5d1716f4a2a3c82
- kind: project-relative
  target: claude
  value: .claude/skills/slidev/references/animation-click-marker.md
  runtime: null
  scope: project
  owners:
  - slidevjs/slidev/skills/slidev
  active_owner: slidevjs/slidev/skills/slidev
  content_hash: sha256:ca20897bad85b12e976bbb4161597b0dcc4c5a9cf604d69d13cc0bdc922696eb
- kind: project-relative
  target: claude
  value: .claude/skills/slidev/references/animation-drawing.md
  runtime: null
  scope: project
  owners:
  - slidevjs/slidev/skills/slidev
  active_owner: slidevjs/slidev/skills/slidev
  content_hash: sha256:5fd91b06a9fa0c7a47e20c6eb7fdc4d7bd31de88c4ad792132cf721ab884642e
- kind: project-relative
  target: claude
  value: .claude/skills/slidev/references/animation-rough-marker.md
  runtime: null
  scope: project
  owners:
  - slidevjs/slidev/skills/slidev
  active_owner: slidevjs/slidev/skills/slidev
  content_hash: sha256:ef8c8d007d0763288679a18892fcf7a013025adbbd78ea6d70b5b706f6af5ec0
- kind: project-relative
  target: claude
  value: .claude/skills/slidev/references/api-slide-hooks.md
  runtime: null
  scope: project
  owners:
  - slidevjs/slidev/skills/slidev
  active_owner: slidevjs/slidev/skills/slidev
  content_hash: sha256:1477fce45bb0c36a75976fe6d4e329da1b0c8b707c9c5cab15456a99d149f67c
- kind: project-relative
  target: claude
  value: .claude/skills/slidev/references/build-og-image.md
  runtime: null
  scope: project
  owners:
  - slidevjs/slidev/skills/slidev
  active_owner: slidevjs/slidev/skills/slidev
  content_hash: sha256:b47dd5bd8dc2123eb1cd1e4e1d35fa2b1ce63f206765751d9f8b6be9a386d9ba
- kind: project-relative
  target: claude
  value: .claude/skills/slidev/references/build-pdf.md
  runtime: null
  scope: project
  owners:
  - slidevjs/slidev/skills/slidev
  active_owner: slidevjs/slidev/skills/slidev
  content_hash: sha256:023e028653116dcbdc1d51c21b51d5a7139e3b4fbfea108bc8d9118e430157a5
- kind: project-relative
  target: claude
  value: .claude/skills/slidev/references/build-remote-assets.md
  runtime: null
  scope: project
  owners:
  - slidevjs/slidev/skills/slidev
  active_owner: slidevjs/slidev/skills/slidev
  content_hash: sha256:a0fa11b7ffde2c5264c1b2c2143a375fc103beee3a4dc97f140c71a319c95efd
- kind: project-relative
  target: claude
  value: .claude/skills/slidev/references/build-seo-meta.md
  runtime: null
  scope: project
  owners:
  - slidevjs/slidev/skills/slidev
  active_owner: slidevjs/slidev/skills/slidev
  content_hash: sha256:5188fb1378c640fe87714cbb72fb0de8ac9c82ef05c78f369cb87819feac3519
- kind: project-relative
  target: claude
  value: .claude/skills/slidev/references/code-groups.md
  runtime: null
  scope: project
  owners:
  - slidevjs/slidev/skills/slidev
  active_owner: slidevjs/slidev/skills/slidev
  content_hash: sha256:c46d38d1e3606961068d264492474e61cbb636deb9c4f064802c81011ebc2328
- kind: project-relative
  target: claude
  value: .claude/skills/slidev/references/code-import-snippet.md
  runtime: null
  scope: project
  owners:
  - slidevjs/slidev/skills/slidev
  active_owner: slidevjs/slidev/skills/slidev
  content_hash: sha256:3f794e2387c70415f436ce70b248a6101122fa2b6e2dd983b3557a97f5e58510
- kind: project-relative
  target: claude
  value: .claude/skills/slidev/references/code-line-highlighting.md
  runtime: null
  scope: project
  owners:
  - slidevjs/slidev/skills/slidev
  active_owner: slidevjs/slidev/skills/slidev
  content_hash: sha256:4571a5faf1111fd4bf0a30d331cfa5623d4052cc084ee83831e02abb6873968f
- kind: project-relative
  target: claude
  value: .claude/skills/slidev/references/code-line-numbers.md
  runtime: null
  scope: project
  owners:
  - slidevjs/slidev/skills/slidev
  active_owner: slidevjs/slidev/skills/slidev
  content_hash: sha256:f69d767362dc135062899bb15037aba8f2be78e428daff55c4863732b1584858
- kind: project-relative
  target: claude
  value: .claude/skills/slidev/references/code-magic-move.md
  runtime: null
  scope: project
  owners:
  - slidevjs/slidev/skills/slidev
  active_owner: slidevjs/slidev/skills/slidev
  content_hash: sha256:78121e4b2006bb3dae3b09c32fc547c42eca452935a6e4dcecad6add570f088d
- kind: project-relative
  target: claude
  value: .claude/skills/slidev/references/code-max-height.md
  runtime: null
  scope: project
  owners:
  - slidevjs/slidev/skills/slidev
  active_owner: slidevjs/slidev/skills/slidev
  content_hash: sha256:6f7ec03bf10559f37c9d144d0339de0a850590a6f40e3bfc1471561ba1f0505b
- kind: project-relative
  target: claude
  value: .claude/skills/slidev/references/code-twoslash.md
  runtime: null
  scope: project
  owners:
  - slidevjs/slidev/skills/slidev
  active_owner: slidevjs/slidev/skills/slidev
  content_hash: sha256:12d80b5fbdd8fcf1a60e8a97d2cbb6861745d9839aa6d5c826d28550a771b3b7
- kind: project-relative
  target: claude
  value: .claude/skills/slidev/references/core-animations.md
  runtime: null
  scope: project
  owners:
  - slidevjs/slidev/skills/slidev
  active_owner: slidevjs/slidev/skills/slidev
  content_hash: sha256:a3f8d12f06af0164025dcdbe450c198689f3a8a69eb1dc62fca0850ebcb2685d
- kind: project-relative
  target: claude
  value: .claude/skills/slidev/references/core-cli.md
  runtime: null
  scope: project
  owners:
  - slidevjs/slidev/skills/slidev
  active_owner: slidevjs/slidev/skills/slidev
  content_hash: sha256:99895522b6fd3cf563e9a9a12575edfee7f503a4d3d6535fd9abe78cf1fdadfa
- kind: project-relative
  target: claude
  value: .claude/skills/slidev/references/core-components.md
  runtime: null
  scope: project
  owners:
  - slidevjs/slidev/skills/slidev
  active_owner: slidevjs/slidev/skills/slidev
  content_hash: sha256:43529b1f7467ff9cdea0bdf71241eae3cd7bcf62bfc9391aabce38545bca634d
- kind: project-relative
  target: claude
  value: .claude/skills/slidev/references/core-exporting.md
  runtime: null
  scope: project
  owners:
  - slidevjs/slidev/skills/slidev
  active_owner: slidevjs/slidev/skills/slidev
  content_hash: sha256:6c22209942852d60f18d8be7fc429446ec513dfd12a45cbc0335e8419d61987d
- kind: project-relative
  target: claude
  value: .claude/skills/slidev/references/core-frontmatter.md
  runtime: null
  scope: project
  owners:
  - slidevjs/slidev/skills/slidev
  active_owner: slidevjs/slidev/skills/slidev
  content_hash: sha256:044861667fee30b63358429d555770552913cc5f3e59569ec0c82d6347716513
- kind: project-relative
  target: claude
  value: .claude/skills/slidev/references/core-global-context.md
  runtime: null
  scope: project
  owners:
  - slidevjs/slidev/skills/slidev
  active_owner: slidevjs/slidev/skills/slidev
  content_hash: sha256:1bd3884b31819b9cb4b7957000d06dcbf56678b742aa1aa6bbc7145b4f8ff98d
- kind: project-relative
  target: claude
  value: .claude/skills/slidev/references/core-headmatter.md
  runtime: null
  scope: project
  owners:
  - slidevjs/slidev/skills/slidev
  active_owner: slidevjs/slidev/skills/slidev
  content_hash: sha256:1421e7bf36551e2c220a57c74eeec7755210916a6dc68c57de128a225fb2eb99
- kind: project-relative
  target: claude
  value: .claude/skills/slidev/references/core-hosting.md
  runtime: null
  scope: project
  owners:
  - slidevjs/slidev/skills/slidev
  active_owner: slidevjs/slidev/skills/slidev
  content_hash: sha256:69e8d015df1359924de9c1b157c1037a275d263a561a5af27d04d9a8aa31bb5e
- kind: project-relative
  target: claude
  value: .claude/skills/slidev/references/core-layouts.md
  runtime: null
  scope: project
  owners:
  - slidevjs/slidev/skills/slidev
  active_owner: slidevjs/slidev/skills/slidev
  content_hash: sha256:95fd7274b4d0055263938092db2115632a34636451bb651961d94c12f6bbb833
- kind: project-relative
  target: claude
  value: .claude/skills/slidev/references/core-syntax.md
  runtime: null
  scope: project
  owners:
  - slidevjs/slidev/skills/slidev
  active_owner: slidevjs/slidev/skills/slidev
  content_hash: sha256:cd4ef071b1ad40f3fb8ab5ed7c5f4743628456dd8e0bcfc25f246be64992726b
- kind: project-relative
  target: claude
  value: .claude/skills/slidev/references/diagram-latex.md
  runtime: null
  scope: project
  owners:
  - slidevjs/slidev/skills/slidev
  active_owner: slidevjs/slidev/skills/slidev
  content_hash: sha256:6fb51a8a3d5a1ab151e3d84950df0d38c609a30a53d82b1eb10dd0630369c093
- kind: project-relative
  target: claude
  value: .claude/skills/slidev/references/diagram-mermaid.md
  runtime: null
  scope: project
  owners:
  - slidevjs/slidev/skills/slidev
  active_owner: slidevjs/slidev/skills/slidev
  content_hash: sha256:2edfba65f4f46df2af20f504616b84e18d59fed47cc0c3008ceb7577a0d2e580
- kind: project-relative
  target: claude
  value: .claude/skills/slidev/references/diagram-plantuml.md
  runtime: null
  scope: project
  owners:
  - slidevjs/slidev/skills/slidev
  active_owner: slidevjs/slidev/skills/slidev
  content_hash: sha256:c006d564a031d1a76c6dc8d560c8bbafd14799512bf08d629f5e291f4413fc8b
- kind: project-relative
  target: claude
  value: .claude/skills/slidev/references/editor-monaco-run.md
  runtime: null
  scope: project
  owners:
  - slidevjs/slidev/skills/slidev
  active_owner: slidevjs/slidev/skills/slidev
  content_hash: sha256:f47be9b308f01006a95839eb6c54f94536e108af4f91909fa5d81e8856798221
- kind: project-relative
  target: claude
  value: .claude/skills/slidev/references/editor-monaco-write.md
  runtime: null
  scope: project
  owners:
  - slidevjs/slidev/skills/slidev
  active_owner: slidevjs/slidev/skills/slidev
  content_hash: sha256:fb17f1f5c8f40e53f12afc47a0dcf5e4530189ba3c8d9b1749e627d4c5589ab9
- kind: project-relative
  target: claude
  value: .claude/skills/slidev/references/editor-monaco.md
  runtime: null
  scope: project
  owners:
  - slidevjs/slidev/skills/slidev
  active_owner: slidevjs/slidev/skills/slidev
  content_hash: sha256:d54e5abbade63c837c9ab9c9515ceb5a0ceca157d2af3adbfbb84c68671833dc
- kind: project-relative
  target: claude
  value: .claude/skills/slidev/references/editor-prettier.md
  runtime: null
  scope: project
  owners:
  - slidevjs/slidev/skills/slidev
  active_owner: slidevjs/slidev/skills/slidev
  content_hash: sha256:126d048841dad13be1e1be7b2cff8c845bc0a78457c0f675b494b2815c0d94ca
- kind: project-relative
  target: claude
  value: .claude/skills/slidev/references/editor-side.md
  runtime: null
  scope: project
  owners:
  - slidevjs/slidev/skills/slidev
  active_owner: slidevjs/slidev/skills/slidev
  content_hash: sha256:0a5993ab5db99ae90ec83fa11e7bb53b4ed5baf4aa0d3dacc5a389e51f7547cf
- kind: project-relative
  target: claude
  value: .claude/skills/slidev/references/editor-vscode.md
  runtime: null
  scope: project
  owners:
  - slidevjs/slidev/skills/slidev
  active_owner: slidevjs/slidev/skills/slidev
  content_hash: sha256:54faab932076ee772032c9b89e8ecf3c1ae562e4b575ab565e7431a2f241427a
- kind: project-relative
  target: claude
  value: .claude/skills/slidev/references/layout-canvas-size.md
  runtime: null
  scope: project
  owners:
  - slidevjs/slidev/skills/slidev
  active_owner: slidevjs/slidev/skills/slidev
  content_hash: sha256:2d17e65933c63a8b7e8a9bd9c5b73478d19332f4da25b26195aaeb5a1bd1953b
- kind: project-relative
  target: claude
  value: .claude/skills/slidev/references/layout-draggable.md
  runtime: null
  scope: project
  owners:
  - slidevjs/slidev/skills/slidev
  active_owner: slidevjs/slidev/skills/slidev
  content_hash: sha256:cedf74ff840326b336f5846c7ec3603009fac2f8c126ee4a972a0b7d67b3019c
- kind: project-relative
  target: claude
  value: .claude/skills/slidev/references/layout-global-layers.md
  runtime: null
  scope: project
  owners:
  - slidevjs/slidev/skills/slidev
  active_owner: slidevjs/slidev/skills/slidev
  content_hash: sha256:1614c681cee8f50a362fe31c69f3fe6012b772e4b759771132f68a7325fa3580
- kind: project-relative
  target: claude
  value: .claude/skills/slidev/references/layout-slots.md
  runtime: null
  scope: project
  owners:
  - slidevjs/slidev/skills/slidev
  active_owner: slidevjs/slidev/skills/slidev
  content_hash: sha256:b77222cc46ae53abe750aacb916822033ac220b41bbde5954824b534906e8d8e
- kind: project-relative
  target: claude
  value: .claude/skills/slidev/references/layout-transform.md
  runtime: null
  scope: project
  owners:
  - slidevjs/slidev/skills/slidev
  active_owner: slidevjs/slidev/skills/slidev
  content_hash: sha256:3d6a90df9a48c657e3709ecc01610f222e04dfb9fa5d530444653345e29e733a
- kind: project-relative
  target: claude
  value: .claude/skills/slidev/references/layout-zoom.md
  runtime: null
  scope: project
  owners:
  - slidevjs/slidev/skills/slidev
  active_owner: slidevjs/slidev/skills/slidev
  content_hash: sha256:c0ab0c3242e0a99f6bbc7eea163f551054ca4ca9d900174ea7f4073218ce89c0
- kind: project-relative
  target: claude
  value: .claude/skills/slidev/references/presenter-notes-ruby.md
  runtime: null
  scope: project
  owners:
  - slidevjs/slidev/skills/slidev
  active_owner: slidevjs/slidev/skills/slidev
  content_hash: sha256:aeadf860f7f23c1a7fd199180ac519c2f8b9f9e8c0609578c909b52c0c9e99e0
- kind: project-relative
  target: claude
  value: .claude/skills/slidev/references/presenter-recording.md
  runtime: null
  scope: project
  owners:
  - slidevjs/slidev/skills/slidev
  active_owner: slidevjs/slidev/skills/slidev
  content_hash: sha256:f2adf9c92892d468fd7297246462b669a444a4c000131bbcfbd178004d941a5c
- kind: project-relative
  target: claude
  value: .claude/skills/slidev/references/presenter-remote.md
  runtime: null
  scope: project
  owners:
  - slidevjs/slidev/skills/slidev
  active_owner: slidevjs/slidev/skills/slidev
  content_hash: sha256:90683d6eedf25395c312cb7b8f893f456ba2c5e221ee6ed91e7a192944a78ecb
- kind: project-relative
  target: claude
  value: .claude/skills/slidev/references/presenter-timer.md
  runtime: null
  scope: project
  owners:
  - slidevjs/slidev/skills/slidev
  active_owner: slidevjs/slidev/skills/slidev
  content_hash: sha256:7d0306a69c5f55cf223d47acbafb6ed3739ca68f21928d61fd6ca255df7e5a87
- kind: project-relative
  target: claude
  value: .claude/skills/slidev/references/style-direction.md
  runtime: null
  scope: project
  owners:
  - slidevjs/slidev/skills/slidev
  active_owner: slidevjs/slidev/skills/slidev
  content_hash: sha256:aaa1a10000ef92f05b3d63c1e0126cd41aead53d72432261f541d72c9d57a381
- kind: project-relative
  target: claude
  value: .claude/skills/slidev/references/style-icons.md
  runtime: null
  scope: project
  owners:
  - slidevjs/slidev/skills/slidev
  active_owner: slidevjs/slidev/skills/slidev
  content_hash: sha256:881daa50e5c1bec53cbaaa93029a4b0ed12f9f6ea36b9ab645799ac3b4c1521b
- kind: project-relative
  target: claude
  value: .claude/skills/slidev/references/style-scoped.md
  runtime: null
  scope: project
  owners:
  - slidevjs/slidev/skills/slidev
  active_owner: slidevjs/slidev/skills/slidev
  content_hash: sha256:f2caa6d5a3482f1d9364b41e70217f2150950be51375c0472e2ea912cdae895f
- kind: project-relative
  target: claude
  value: .claude/skills/slidev/references/syntax-block-frontmatter.md
  runtime: null
  scope: project
  owners:
  - slidevjs/slidev/skills/slidev
  active_owner: slidevjs/slidev/skills/slidev
  content_hash: sha256:fafee6da3b24fe8dcc60b0c1b6e212859d2e047322dc5479ec2fef70ef35d2ce
- kind: project-relative
  target: claude
  value: .claude/skills/slidev/references/syntax-comark.md
  runtime: null
  scope: project
  owners:
  - slidevjs/slidev/skills/slidev
  active_owner: slidevjs/slidev/skills/slidev
  content_hash: sha256:89316f0e900d2c8262cab221549ffaf434b09eb092de5c8feb5881de774e6cc5
- kind: project-relative
  target: claude
  value: .claude/skills/slidev/references/syntax-frontmatter-merging.md
  runtime: null
  scope: project
  owners:
  - slidevjs/slidev/skills/slidev
  active_owner: slidevjs/slidev/skills/slidev
  content_hash: sha256:f92f3de298e7b6cdff5e085a4f1f9d2a154878e340063504bfd26a6c94fed336
- kind: project-relative
  target: claude
  value: .claude/skills/slidev/references/syntax-importing-slides.md
  runtime: null
  scope: project
  owners:
  - slidevjs/slidev/skills/slidev
  active_owner: slidevjs/slidev/skills/slidev
  content_hash: sha256:5121a7fa19dd0496c4f5f42be0204ada7fb17484665727a1d259e31451c5ef42
- kind: project-relative
  target: claude
  value: .claude/skills/slidev/references/tool-eject-theme.md
  runtime: null
  scope: project
  owners:
  - slidevjs/slidev/skills/slidev
  active_owner: slidevjs/slidev/skills/slidev
  content_hash: sha256:c25fb0debc1af89bfe7aad1be3f09c67a9f97eafb051cb852063eaf1c9b995b0
- kind: project-relative
  target: claude
  value: .claude/skills/slidev/references/tool-mcp.md
  runtime: null
  scope: project
  owners:
  - slidevjs/slidev/skills/slidev
  active_owner: slidevjs/slidev/skills/slidev
  content_hash: sha256:00aabc8ba38e0376ee5aad8b511e723b9e67fc567cb4899c00e441650ad44ab8
local_deployed_files:
- .claude/skills/gepardec-slidev-theme-dev
- .claude/skills/gepardec-slidev-theme-dev/SKILL.md
- .claude/skills/gepardec-slidev-theme-dev/references/surfaces.md
- .claude/skills/gepardec-slidev-theme-dev/references/verifying.md
local_deployed_file_hashes:
  .claude/skills/gepardec-slidev-theme-dev/SKILL.md: sha256:9ad1be54c910c87a9376c5f239d4ce1a7548bc2c40ec838a4a2d69542749a8cf
  .claude/skills/gepardec-slidev-theme-dev/references/surfaces.md: sha256:abed7d095cda37fc294838e5be2f95b44818e265636bfee3ce288470c437e746
  .claude/skills/gepardec-slidev-theme-dev/references/verifying.md: sha256:e9a7b8b6856bf33fbf672e6803ab992854aebbcc4b1a64d5e450ee0410632078
